
Microsoft Visual Studio Solution File, Format Version 12.00
# Visual Studio Version 16
VisualStudioVersion = 16.0.30907.101
MinimumVisualStudioVersion = 10.0.40219.1
Project("{9A19103F-16F7-4668-BE54-9A1E7A4F7556}") = "DataAccess", "DataAccess\DataAccess.csproj", "{40A60208-0E20-46F9-AE8D-98D709D8C6C7}"
EndProject
Project("{9A19103F-16F7-4668-BE54-9A1E7A4F7556}") = "Business", "Business\Business.csproj", "{42F74384-772F-40BD-A302-066A39239B9D}"
EndProject
Project("{9A19103F-16F7-4668-BE54-9A1E7A4F7556}") = "Entities", "Entities\Entities.csproj", "{6702637A-A7B3-407E-A6E8-8DAF5396030C}"
EndProject
Project("{9A19103F-16F7-4668-BE54-9A1E7A4F7556}") = "ConsoleUI", "ConsoleUI\ConsoleUI.csproj", "{0D79F33A-DAA1-4887-AAE5-2234C08430EB}"
EndProject
Project("{9A19103F-16F7-4668-BE54-9A1E7A4F7556}") = "Core", "Core\Core.csproj", "{2C8EC297-8694-461A-B97E-9619D55E5A64}"
EndProject
Project("{9A19103F-16F7-4668-BE54-9A1E7A4F7556}") = "WebAPI", "WepAPI\WebAPI.csproj", "{BDCF8D67-2CC1-4FEB-B0F6-C908F4FBF0CC}"
EndProject
Global
	GlobalSection(SolutionConfigurationPlatforms) = preSolution
		Debug|Any CPU = Debug|Any CPU
		Release|Any CPU = Release|Any CPU
	EndGlobalSection
	GlobalSection(ProjectConfigurationPlatforms) = postSolution
		{40A60208-0E20-46F9-AE8D-98D709D8C6C7}.Debug|Any CPU.ActiveCfg = Debug|Any CPU
		{40A60208-0E20-46F9-AE8D-98D709D8C6C7}.Debug|Any CPU.Build.0 = Debug|Any CPU
		{40A60208-0E20-46F9-AE8D-98D709D8C6C7}.Release|Any CPU.ActiveCfg = Release|Any CPU
		{40A60208-0E20-46F9-AE8D-98D709D8C6C7}.Release|Any CPU.Build.0 = Release|Any CPU
		{42F74384-772F-40BD-A302-066A39239B9D}.Debug|Any CPU.ActiveCfg = Debug|Any CPU
		{42F74384-772F-40BD-A302-066A39239B9D}.Debug|Any CPU.Build.0 = Debug|Any CPU
		{42F74384-772F-40BD-A302-066A39239B9D}.Release|Any CPU.ActiveCfg = Release|Any CPU
		{42F74384-772F-40BD-A302-066A39239B9D}.Release|Any CPU.Build.0 = Release|Any CPU
		{6702637A-A7B3-407E-A6E8-8DAF5396030C}.Debug|Any CPU.ActiveCfg = Debug|Any CPU
		{6702637A-A7B3-407E-A6E8-8DAF5396030C}.Debug|Any CPU.Build.0 = Debug|Any CPU
		{6702637A-A7B3-407E-A6E8-8DAF5396030C}.Release|Any CPU.ActiveCfg = Release|Any CPU
		{6702637A-A7B3-407E-A6E8-8DAF5396030C}.Release|Any CPU.Build.0 = Release|Any CPU
		{0D79F33A-DAA1-4887-AAE5-2234C08430EB}.Debug|Any CPU.ActiveCfg = Debug|Any CPU
		{0D79F33A-DAA1-4887-AAE5-2234C08430EB}.Debug|Any CPU.Build.0 = Debug|Any CPU
		{0D79F33A-DAA1-4887-AAE5-2234C08430EB}.Release|Any CPU.ActiveCfg = Release|Any CPU
		{0D79F33A-DAA1-4887-AAE5-2234C08430EB}.Release|Any CPU.Build.0 = Release|Any CPU
		{2C8EC297-8694-461A-B97E-9619D55E5A64}.Debug|Any CPU.ActiveCfg = Debug|Any CPU
		{2C8EC297-8694-461A-B97E-9619D55E5A64}.Debug|Any CPU.Build.0 = Debug|Any CPU
		{2C8EC297-8694-461A-B97E-9619D55E5A64}.Release|Any CPU.ActiveCfg = Release|Any CPU
		{2C8EC297-8694-461A-B97E-9619D55E5A64}.Release|Any CPU.Build.0 = Release|Any CPU
		{BDCF8D67-2CC1-4FEB-B0F6-C908F4FBF0CC}.Debug|Any CPU.ActiveCfg = Debug|Any CPU
		{BDCF8D67-2CC1-4FEB-B0F6-C908F4FBF0CC}.Debug|Any CPU.Build.0 = Debug|Any CPU
		{BDCF8D67-2CC1-4FEB-B0F6-C908F4FBF0CC}.Release|Any CPU.ActiveCfg = Release|Any CPU
		{BDCF8D67-2CC1-4FEB-B0F6-C908F4FBF0CC}.Release|Any CPU.Build.0 = Release|Any CPU
	EndGlobalSection
	GlobalSection(SolutionProperties) = preSolution
		HideSolutionNode = FALSE
	EndGlobalSection
	GlobalSection(ExtensibilityGlobals) = postSolution
		SolutionGuid = {5F2B9DC8-A1F3-41E0-A002-1260C8382A91}
	EndGlobalSection
EndGlobal
